#MicroXplorer Configuration settings - do not modify
Mcu.Family=STM32H7
RCC.DIVQ2Freq_Value=75000000
ProjectManager.MainLocation=Core/Src
ProjectManager.ProjectFileName=IntroToADC.ioc
RCC.SAI1Freq_Value=129000000
RCC.CortexFreq_Value=64000000
ADC1.Channel-4\#ChannelRegularConversion=ADC_CHANNEL_15
ProjectManager.KeepUserCode=true
Mcu.PinsNb=3
Mcu.UserName=STM32H743ZITx
ProjectManager.NoMain=false
ADC1.IPParameters=Rank-4\#ChannelRegularConversion,master,Channel-4\#ChannelRegularConversion,SamplingTime-4\#ChannelRegularConversion,OffsetNumber-4\#ChannelRegularConversion,OffsetSignedSaturation-4\#ChannelRegularConversion,NbrOfConversionFlag
RCC.SWPMI1Freq_Value=64000000
ADC1.OffsetNumber-4\#ChannelRegularConversion=ADC_OFFSET_NONE
RCC.SAI4BFreq_Value=129000000
ProjectManager.functionlistsort=1-MX_GPIO_Init-GPIO-false-HAL-true,2-SystemClock_Config-RCC-false-HAL-false,3-MX_ADC2_Init-ADC2-false-HAL-true,0-MX_CORTEX_M7_Init-CORTEX_M7-false-HAL-true
RCC.RTCFreq_Value=32000
ProjectManager.DefaultFWLocation=true
RCC.DIVP2=4
RCC.PLL2FRACN=3072
RCC.CpuClockFreq_Value=64000000
RCC.VCO2OutputFreq_Value=150000000
ProjectManager.DeletePrevious=true
RCC.QSPIFreq_Value=64000000
PinOutPanel.RotationAngle=0
RCC.FamilyName=M
RCC.MCO1PinFreq_Value=64000000
ProjectManager.StackSize=0x400
RCC.AHB4Freq_Value=64000000
RCC.VCOInput3Freq_Value=2000000
ADC1.OffsetSignedSaturation-4\#ChannelRegularConversion=DISABLE
RCC.SPI6Freq_Value=64000000
RCC.D1CPREFreq_Value=64000000
RCC.LPTIM1Freq_Value=64000000
Mcu.IP4=SYS
Mcu.IP2=NVIC
NVIC.SVCall_IRQn=true\:0\:0\:false\:false\:true\:false\:false
Mcu.IP3=RCC
RCC.USART234578Freq_Value=64000000
Mcu.IP0=ADC1
Mcu.IP1=CORTEX_M7
RCC.Tim1OutputFreq_Value=64000000
RCC.SPI45Freq_Value=64000000
RCC.SPI123Freq_Value=129000000
Mcu.UserConstants=
ProjectManager.TargetToolchain=STM32CubeIDE
RCC.SDMMCFreq_Value=129000000
RCC.DIVP3Freq_Value=129000000
RCC.VCO1OutputFreq_Value=258000000
Mcu.ThirdPartyNb=0
RCC.HCLKFreq_Value=64000000
RCC.I2C4Freq_Value=64000000
Mcu.IPNb=5
ProjectManager.PreviousToolchain=
RCC.AXIClockFreq_Value=64000000
RCC.SPDIFRXFreq_Value=129000000
RCC.DIVN2=9
RCC.DIVQ3Freq_Value=129000000
ProjectManager.RegisterCallBack=
RCC.USBFreq_Value=129000000
RCC.CKPERFreq_Value=64000000
Mcu.Pin0=PA3
Mcu.Pin1=PA10
GPIO.groupedBy=Group By Peripherals
Mcu.Pin2=VP_SYS_VS_Systick
RCC.HRTIMFreq_Value=64000000
ProjectManager.ProjectBuild=false
RCC.DIVR3Freq_Value=129000000
NVIC.UsageFault_IRQn=true\:0\:0\:false\:false\:true\:false\:false
NVIC.DebugMonitor_IRQn=true\:0\:0\:false\:false\:true\:false\:false
board=custom
RCC.DIVM2=4
NVIC.SysTick_IRQn=true\:0\:0\:false\:false\:true\:false\:true
ProjectManager.LastFirmware=true
RCC.VCOInput1Freq_Value=2000000
ProjectManager.FirmwarePackage=STM32Cube FW_H7 V1.9.0
ADC1.SamplingTime-4\#ChannelRegularConversion=ADC_SAMPLETIME_1CYCLE_5
MxDb.Version=DB.6.0.20
RCC.AHB12Freq_Value=64000000
RCC.APB2Freq_Value=64000000
RCC.DIVP1Freq_Value=129000000
ProjectManager.BackupPrevious=false
RCC.FMCFreq_Value=64000000
MxCube.Version=6.2.0
RCC.FDCANFreq_Value=129000000
RCC.RNGFreq_Value=48000000
RCC.USART16Freq_Value=64000000
RCC.ADCFreq_Value=37500000
File.Version=6
VP_SYS_VS_Systick.Mode=SysTick
NVIC.NonMaskableInt_IRQn=true\:0\:0\:false\:false\:true\:false\:false
NVIC.PendSV_IRQn=true\:0\:0\:false\:false\:true\:false\:false
ProjectManager.FreePins=false
RCC.DIVR2Freq_Value=75000000
RCC.IPParameters=ADCFreq_Value,AHB12Freq_Value,AHB4Freq_Value,APB1Freq_Value,APB2Freq_Value,APB3Freq_Value,APB4Freq_Value,AXIClockFreq_Value,CECFreq_Value,CKPERFreq_Value,CortexFreq_Value,CpuClockFreq_Value,D1CPREFreq_Value,DFSDMACLkFreq_Value,DFSDMFreq_Value,DIVM2,DIVN2,DIVP1Freq_Value,DIVP2,DIVP2Freq_Value,DIVP3Freq_Value,DIVQ1Freq_Value,DIVQ2Freq_Value,DIVQ3Freq_Value,DIVR1Freq_Value,DIVR2Freq_Value,DIVR3Freq_Value,FDCANFreq_Value,FMCFreq_Value,FamilyName,HCLK3ClockFreq_Value,HCLKFreq_Value,HRTIMFreq_Value,I2C123Freq_Value,I2C4Freq_Value,LPTIM1Freq_Value,LPTIM2Freq_Value,LPTIM345Freq_Value,LPUART1Freq_Value,LTDCFreq_Value,MCO1PinFreq_Value,MCO2PinFreq_Value,PLL2FRACN,QSPIFreq_Value,RNGFreq_Value,RTCFreq_Value,SAI1Freq_Value,SAI23Freq_Value,SAI4AFreq_Value,SAI4BFreq_Value,SDMMCFreq_Value,SPDIFRXFreq_Value,SPI123Freq_Value,SPI45Freq_Value,SPI6Freq_Value,SWPMI1Freq_Value,SYSCLKFreq_VALUE,Tim1OutputFreq_Value,Tim2OutputFreq_Value,TraceFreq_Value,USART16Freq_Value,USART234578Freq_Value,USBFreq_Value,VCO1OutputFreq_Value,VCO2OutputFreq_Value,VCO3OutputFreq_Value,VCOInput1Freq_Value,VCOInput2Freq_Value,VCOInput3Freq_Value
ProjectManager.AskForMigrate=true
Mcu.Name=STM32H743ZITx
RCC.LPTIM2Freq_Value=64000000
ProjectManager.HalAssertFull=false
RCC.DIVP2Freq_Value=37500000
ProjectManager.ProjectName=IntroToADC
ProjectManager.UnderRoot=true
RCC.APB3Freq_Value=64000000
ProjectManager.CoupleFile=false
RCC.MCO2PinFreq_Value=64000000
RCC.SYSCLKFreq_VALUE=64000000
Mcu.Package=LQFP144
RCC.I2C123Freq_Value=64000000
ADC1.master=1
PA3.Locked=true
PA10.Locked=true
NVIC.ForceEnableDMAVector=true
KeepUserPlacement=false
SH.ADCx_INP15.ConfNb=1
NVIC.MemoryManagement_IRQn=true\:0\:0\:false\:false\:true\:false\:false
ProjectManager.CompilerOptimize=6
ProjectManager.ToolChainLocation=
VP_SYS_VS_Systick.Signal=SYS_VS_Systick
PA10.Signal=GPIO_Output
ProjectManager.HeapSize=0x200
NVIC.HardFault_IRQn=true\:0\:0\:false\:false\:true\:false\:false
RCC.DFSDMFreq_Value=64000000
RCC.DIVR1Freq_Value=129000000
RCC.LPTIM345Freq_Value=64000000
ProjectManager.ComputerToolchain=false
RCC.LTDCFreq_Value=129000000
RCC.SAI4AFreq_Value=129000000
NVIC.PriorityGroup=NVIC_PRIORITYGROUP_4
ADC1.NbrOfConversionFlag=1
RCC.TraceFreq_Value=64000000
RCC.APB4Freq_Value=64000000
RCC.CECFreq_Value=32000
RCC.SAI23Freq_Value=129000000
RCC.DIVQ1Freq_Value=129000000
NVIC.BusFault_IRQn=true\:0\:0\:false\:false\:true\:false\:false
RCC.LPUART1Freq_Value=64000000
SH.ADCx_INP15.0=ADC1_INP15,IN15-Single-Ended
RCC.HCLK3ClockFreq_Value=64000000
RCC.VCOInput2Freq_Value=16000000
RCC.APB1Freq_Value=64000000
ProjectManager.CustomerFirmwarePackage=
ProjectManager.DeviceId=STM32H743ZITx
RCC.Tim2OutputFreq_Value=64000000
ProjectManager.LibraryCopy=1
ADC1.Rank-4\#ChannelRegularConversion=1
RCC.DFSDMACLkFreq_Value=129000000
RCC.VCO3OutputFreq_Value=258000000
PA3.Signal=ADCx_INP15
isbadioc=false
